
Microsoft Visual Studio Solution File, Format Version 12.00
# Visual Studio Version 16
VisualStudioVersion = 16.0.31624.102
MinimumVisualStudioVersion = 10.0.40219.1
Project("{FAE04EC0-301F-11D3-BF4B-00C04F79EFBC}") = "Lab5_v9", "Lab5_v9\Lab5_v9.csproj", "{10C7D402-346F-4B6E-BCA6-5CB7625E712B}"
EndProject
Global
	GlobalSection(SolutionConfigurationPlatforms) = preSolution
		Debug|Any CPU = Debug|Any CPU
		Release|Any CPU = Release|Any CPU
	EndGlobalSection
	GlobalSection(ProjectConfigurationPlatforms) = postSolution
		{10C7D402-346F-4B6E-BCA6-5CB7625E712B}.Debug|Any CPU.ActiveCfg = Debug|Any CPU
		{10C7D402-346F-4B6E-BCA6-5CB7625E712B}.Debug|Any CPU.Build.0 = Debug|Any CPU
		{10C7D402-346F-4B6E-BCA6-5CB7625E712B}.Release|Any CPU.ActiveCfg = Release|Any CPU
		{10C7D402-346F-4B6E-BCA6-5CB7625E712B}.Release|Any CPU.Build.0 = Release|Any CPU
	EndGlobalSection
	GlobalSection(SolutionProperties) = preSolution
		HideSolutionNode = FALSE
	EndGlobalSection
	GlobalSection(ExtensibilityGlobals) = postSolution
		SolutionGuid = {5AC041D6-0F15-4AD9-ABA0-FEED9FB7DC22}
	EndGlobalSection
EndGlobal
