
Microsoft Visual Studio Solution File, Format Version 12.00
# Visual Studio Version 17
VisualStudioVersion = 17.4.33205.214
MinimumVisualStudioVersion = 10.0.40219.1
Project("{FAE04EC0-301F-11D3-BF4B-00C04F79EFBC}") = "Lab8_task2", "Lab8_task2\Lab8_task2.csproj", "{BC2616AC-6937-4228-8047-1BAAF9B576CF}"
EndProject
Global
	GlobalSection(SolutionConfigurationPlatforms) = preSolution
		Debug|Any CPU = Debug|Any CPU
		Release|Any CPU = Release|Any CPU
	EndGlobalSection
	GlobalSection(ProjectConfigurationPlatforms) = postSolution
		{BC2616AC-6937-4228-8047-1BAAF9B576CF}.Debug|Any CPU.ActiveCfg = Debug|Any CPU
		{BC2616AC-6937-4228-8047-1BAAF9B576CF}.Debug|Any CPU.Build.0 = Debug|Any CPU
		{BC2616AC-6937-4228-8047-1BAAF9B576CF}.Release|Any CPU.ActiveCfg = Release|Any CPU
		{BC2616AC-6937-4228-8047-1BAAF9B576CF}.Release|Any CPU.Build.0 = Release|Any CPU
	EndGlobalSection
	GlobalSection(SolutionProperties) = preSolution
		HideSolutionNode = FALSE
	EndGlobalSection
	GlobalSection(ExtensibilityGlobals) = postSolution
		SolutionGuid = {8931BBFD-2771-4098-AD4F-AD6692BC5995}
	EndGlobalSection
EndGlobal
